
Microsoft Visual Studio Solution File, Format Version 12.00
# Visual Studio 15
Project("{FAE04EC0-301F-11D3-BF4B-00C04F79EFBC}") = "PhotonUnityNetworking.Demos", "PhotonUnityNetworking.Demos.csproj", "{74506970-021A-4340-4201-4E068DED5D6D}"
EndProject
Project("{FAE04EC0-301F-11D3-BF4B-00C04F79EFBC}") = "PhotonUnityNetworking.Utilities", "PhotonUnityNetworking.Utilities.csproj", "{D67B48E7-DAF0-AA8C-C871-14C1E0C928B1}"
EndProject
Project("{FAE04EC0-301F-11D3-BF4B-00C04F79EFBC}") = "PhotonChat", "PhotonChat.csproj", "{474C545B-6F2F-9863-2506-FB345E1604A8}"
EndProject
Project("{FAE04EC0-301F-11D3-BF4B-00C04F79EFBC}") = "PhotonUnityNetworking", "PhotonUnityNetworking.csproj", "{6E489D4F-189B-1A5F-0A48-1D06B18444AD}"
EndProject
Project("{FAE04EC0-301F-11D3-BF4B-00C04F79EFBC}") = "Assembly-CSharp", "Assembly-CSharp.csproj", "{782BD99A-81F4-09C0-1AFA-EB01B3435513}"
EndProject
Project("{FAE04EC0-301F-11D3-BF4B-00C04F79EFBC}") = "PhotonRealtime", "PhotonRealtime.csproj", "{26BBF4F0-E6A2-7FE8-205D-F5F574A74552}"
EndProject
Project("{FAE04EC0-301F-11D3-BF4B-00C04F79EFBC}") = "PhotonUnityNetworking.Editor", "PhotonUnityNetworking.Editor.csproj", "{4BD2BCE6-9A25-97D8-4DA3-8D9311DBC385}"
EndProject
Project("{FAE04EC0-301F-11D3-BF4B-00C04F79EFBC}") = "PunDemos.DemoHubEditor", "PunDemos.DemoHubEditor.csproj", "{8826CE2D-C1BF-A4C2-61EF-1E6226AA80DD}"
EndProject
Project("{FAE04EC0-301F-11D3-BF4B-00C04F79EFBC}") = "PhotonUnityNetworking.Utilities.PhotonPlayer.Editor", "PhotonUnityNetworking.Utilities.PhotonPlayer.Editor.csproj", "{3D316140-2D2E-708B-4507-E40D2DC8FDF7}"
EndProject
Project("{FAE04EC0-301F-11D3-BF4B-00C04F79EFBC}") = "PhotonUnityNetworking.Utilities.Culling.Editor", "PhotonUnityNetworking.Utilities.Culling.Editor.csproj", "{DCD87F9E-6597-B3F3-ECC5-B3489CE44213}"
EndProject
Project("{FAE04EC0-301F-11D3-BF4B-00C04F79EFBC}") = "PunDemos.DemoSlotcarEditor", "PunDemos.DemoSlotcarEditor.csproj", "{BC178937-DD8D-3DF1-79B9-8F00DB7D6E26}"
EndProject
Global
	GlobalSection(SolutionConfigurationPlatforms) = preSolution
		Debug|Any CPU = Debug|Any CPU
		Release|Any CPU = Release|Any CPU
	EndGlobalSection
	GlobalSection(ProjectConfigurationPlatforms) = postSolution
		{74506970-021A-4340-4201-4E068DED5D6D}.Debug|Any CPU.ActiveCfg = Debug|Any CPU
		{74506970-021A-4340-4201-4E068DED5D6D}.Debug|Any CPU.Build.0 = Debug|Any CPU
		{74506970-021A-4340-4201-4E068DED5D6D}.Release|Any CPU.ActiveCfg = Release|Any CPU
		{74506970-021A-4340-4201-4E068DED5D6D}.Release|Any CPU.Build.0 = Release|Any CPU
		{D67B48E7-DAF0-AA8C-C871-14C1E0C928B1}.Debug|Any CPU.ActiveCfg = Debug|Any CPU
		{D67B48E7-DAF0-AA8C-C871-14C1E0C928B1}.Debug|Any CPU.Build.0 = Debug|Any CPU
		{D67B48E7-DAF0-AA8C-C871-14C1E0C928B1}.Release|Any CPU.ActiveCfg = Release|Any CPU
		{D67B48E7-DAF0-AA8C-C871-14C1E0C928B1}.Release|Any CPU.Build.0 = Release|Any CPU
		{474C545B-6F2F-9863-2506-FB345E1604A8}.Debug|Any CPU.ActiveCfg = Debug|Any CPU
		{474C545B-6F2F-9863-2506-FB345E1604A8}.Debug|Any CPU.Build.0 = Debug|Any CPU
		{474C545B-6F2F-9863-2506-FB345E1604A8}.Release|Any CPU.ActiveCfg = Release|Any CPU
		{474C545B-6F2F-9863-2506-FB345E1604A8}.Release|Any CPU.Build.0 = Release|Any CPU
		{6E489D4F-189B-1A5F-0A48-1D06B18444AD}.Debug|Any CPU.ActiveCfg = Debug|Any CPU
		{6E489D4F-189B-1A5F-0A48-1D06B18444AD}.Debug|Any CPU.Build.0 = Debug|Any CPU
		{6E489D4F-189B-1A5F-0A48-1D06B18444AD}.Release|Any CPU.ActiveCfg = Release|Any CPU
		{6E489D4F-189B-1A5F-0A48-1D06B18444AD}.Release|Any CPU.Build.0 = Release|Any CPU
		{782BD99A-81F4-09C0-1AFA-EB01B3435513}.Debug|Any CPU.ActiveCfg = Debug|Any CPU
		{782BD99A-81F4-09C0-1AFA-EB01B3435513}.Debug|Any CPU.Build.0 = Debug|Any CPU
		{782BD99A-81F4-09C0-1AFA-EB01B3435513}.Release|Any CPU.ActiveCfg = Release|Any CPU
		{782BD99A-81F4-09C0-1AFA-EB01B3435513}.Release|Any CPU.Build.0 = Release|Any CPU
		{26BBF4F0-E6A2-7FE8-205D-F5F574A74552}.Debug|Any CPU.ActiveCfg = Debug|Any CPU
		{26BBF4F0-E6A2-7FE8-205D-F5F574A74552}.Debug|Any CPU.Build.0 = Debug|Any CPU
		{26BBF4F0-E6A2-7FE8-205D-F5F574A74552}.Release|Any CPU.ActiveCfg = Release|Any CPU
		{26BBF4F0-E6A2-7FE8-205D-F5F574A74552}.Release|Any CPU.Build.0 = Release|Any CPU
		{4BD2BCE6-9A25-97D8-4DA3-8D9311DBC385}.Debug|Any CPU.ActiveCfg = Debug|Any CPU
		{4BD2BCE6-9A25-97D8-4DA3-8D9311DBC385}.Debug|Any CPU.Build.0 = Debug|Any CPU
		{4BD2BCE6-9A25-97D8-4DA3-8D9311DBC385}.Release|Any CPU.ActiveCfg = Release|Any CPU
		{4BD2BCE6-9A25-97D8-4DA3-8D9311DBC385}.Release|Any CPU.Build.0 = Release|Any CPU
		{8826CE2D-C1BF-A4C2-61EF-1E6226AA80DD}.Debug|Any CPU.ActiveCfg = Debug|Any CPU
		{8826CE2D-C1BF-A4C2-61EF-1E6226AA80DD}.Debug|Any CPU.Build.0 = Debug|Any CPU
		{8826CE2D-C1BF-A4C2-61EF-1E6226AA80DD}.Release|Any CPU.ActiveCfg = Release|Any CPU
		{8826CE2D-C1BF-A4C2-61EF-1E6226AA80DD}.Release|Any CPU.Build.0 = Release|Any CPU
		{3D316140-2D2E-708B-4507-E40D2DC8FDF7}.Debug|Any CPU.ActiveCfg = Debug|Any CPU
		{3D316140-2D2E-708B-4507-E40D2DC8FDF7}.Debug|Any CPU.Build.0 = Debug|Any CPU
		{3D316140-2D2E-708B-4507-E40D2DC8FDF7}.Release|Any CPU.ActiveCfg = Release|Any CPU
		{3D316140-2D2E-708B-4507-E40D2DC8FDF7}.Release|Any CPU.Build.0 = Release|Any CPU
		{DCD87F9E-6597-B3F3-ECC5-B3489CE44213}.Debug|Any CPU.ActiveCfg = Debug|Any CPU
		{DCD87F9E-6597-B3F3-ECC5-B3489CE44213}.Debug|Any CPU.Build.0 = Debug|Any CPU
		{DCD87F9E-6597-B3F3-ECC5-B3489CE44213}.Release|Any CPU.ActiveCfg = Release|Any CPU
		{DCD87F9E-6597-B3F3-ECC5-B3489CE44213}.Release|Any CPU.Build.0 = Release|Any CPU
		{BC178937-DD8D-3DF1-79B9-8F00DB7D6E26}.Debug|Any CPU.ActiveCfg = Debug|Any CPU
		{BC178937-DD8D-3DF1-79B9-8F00DB7D6E26}.Debug|Any CPU.Build.0 = Debug|Any CPU
		{BC178937-DD8D-3DF1-79B9-8F00DB7D6E26}.Release|Any CPU.ActiveCfg = Release|Any CPU
		{BC178937-DD8D-3DF1-79B9-8F00DB7D6E26}.Release|Any CPU.Build.0 = Release|Any CPU
	EndGlobalSection
	GlobalSection(SolutionProperties) = preSolution
		HideSolutionNode = FALSE
	EndGlobalSection
EndGlobal
